{
  "requires": true,
  "lockfileVersion": 1,
  "dependencies": {
    "animate.css": {
      "version": "4.1.1",
      "resolved": "https://registry.npmjs.org/animate.css/-/animate.css-4.1.1.tgz",
      "integrity": "sha512-+mRmCTv6SbCmtYJCN4faJMNFVNN5EuCTTprDTAo7YzIGji2KADmakjVA3+8mVDkZ2Bf09vayB35lSQIex2+QaQ=="
    },
    "sweetalert2": {
      "version": "11.2.1",
      "resolved": "https://registry.npmjs.org/sweetalert2/-/sweetalert2-11.2.1.tgz",
      "integrity": "sha512-6O+Ftl3yCg58pUqMiEn58+p7bQd7h7YrAM1diSaTJcRPO23bcfVd2DI2hW3246XVlTgL+EauV76va6VN5LrfIw=="
    }
  }
}
